// !$*UTF8*$!
{
	archiveVersion = 1;
	classes = {
	};
	objectVersion = 46;
	objects = {

/* Begin PBXBuildFile section */
		36E1AAA01FF25BD200906F7A /* InitialWC.swift in Sources */ = {isa = PBXBuildFile; fileRef = 36E1AA9E1FF25BD200906F7A /* InitialWC.swift */; };
		F0D9CA41B0D4B3DA69A85DAA /* Pods_JonnySearch.framework in Frameworks */ = {isa = PBXBuildFile; fileRef = 31ECDB4159DCA38FEABCD7FB /* Pods_JonnySearch.framework */; };
		FB894CD11FEFDE1700EC9F9A /* Events.swift in Sources */ = {isa = PBXBuildFile; fileRef = FB894CD01FEFDE1700EC9F9A /* Events.swift */; };
		FB894CD41FEFE24900EC9F9A /* Podfile in Resources */ = {isa = PBXBuildFile; fileRef = FB894CD21FEFE24900EC9F9A /* Podfile */; };
		FBB20C201E8B7B49004DD855 /* AppDelegate.swift in Sources */ = {isa = PBXBuildFile; fileRef = FBB20C1F1E8B7B49004DD855 /* AppDelegate.swift */; };
		FBB20C221E8B7B49004DD855 /* ViewController.swift in Sources */ = {isa = PBXBuildFile; fileRef = FBB20C211E8B7B49004DD855 /* ViewController.swift */; };
		FBB20C241E8B7B49004DD855 /* Assets.xcassets in Resources */ = {isa = PBXBuildFile; fileRef = FBB20C231E8B7B49004DD855 /* Assets.xcassets */; };
		FBB20C271E8B7B49004DD855 /* Main.storyboard in Resources */ = {isa = PBXBuildFile; fileRef = FBB20C251E8B7B49004DD855 /* Main.storyboard */; };
		FBDE56F21E8E52FB00EF570A /* Panel.swift in Sources */ = {isa = PBXBuildFile; fileRef = FBDE56F11E8E52FB00EF570A /* Panel.swift */; };
		FBDE57831E968E8700EF570A /* URIFixup.swift in Sources */ = {isa = PBXBuildFile; fileRef = FBDE57811E968E8700EF570A /* URIFixup.swift */; };
/* End PBXBuildFile section */

/* Begin PBXFileReference section */
		31ECDB4159DCA38FEABCD7FB /* Pods_JonnySearch.framework */ = {isa = PBXFileReference; explicitFileType = wrapper.framework; includeInIndex = 0; path = Pods_JonnySearch.framework; sourceTree = BUILT_PRODUCTS_DIR; };
		36E1AA9E1FF25BD200906F7A /* InitialWC.swift */ = {isa = PBXFileReference; lastKnownFileType = sourcecode.swift; path = InitialWC.swift; sourceTree = "<group>"; };
		975B0EDA0ED8272148769B80 /* Pods-JonnySearch.release.xcconfig */ = {isa = PBXFileReference; includeInIndex = 1; lastKnownFileType = text.xcconfig; name = "Pods-JonnySearch.release.xcconfig"; path = "Pods/Target Support Files/Pods-JonnySearch/Pods-JonnySearch.release.xcconfig"; sourceTree = "<group>"; };
		DCE96A58A9DD569603345F69 /* Pods-JonnySearch.debug.xcconfig */ = {isa = PBXFileReference; includeInIndex = 1; lastKnownFileType = text.xcconfig; name = "Pods-JonnySearch.debug.xcconfig"; path = "Pods/Target Support Files/Pods-JonnySearch/Pods-JonnySearch.debug.xcconfig"; sourceTree = "<group>"; };
		FB894CD01FEFDE1700EC9F9A /* Events.swift */ = {isa = PBXFileReference; lastKnownFileType = sourcecode.swift; path = Events.swift; sourceTree = "<group>"; };
		FB894CD21FEFE24900EC9F9A /* Podfile */ = {isa = PBXFileReference; fileEncoding = 4; lastKnownFileType = text; path = Podfile; sourceTree = "<group>"; };
		FBB20C1C1E8B7B49004DD855 /* JonnySearch.app */ = {isa = PBXFileReference; explicitFileType = wrapper.application; includeInIndex = 0; path = JonnySearch.app; sourceTree = BUILT_PRODUCTS_DIR; };
		FBB20C1F1E8B7B49004DD855 /* AppDelegate.swift */ = {isa = PBXFileReference; lastKnownFileType = sourcecode.swift; path = AppDelegate.swift; sourceTree = "<group>"; };
		FBB20C211E8B7B49004DD855 /* ViewController.swift */ = {isa = PBXFileReference; lastKnownFileType = sourcecode.swift; path = ViewController.swift; sourceTree = "<group>"; };
		FBB20C231E8B7B49004DD855 /* Assets.xcassets */ = {isa = PBXFileReference; lastKnownFileType = folder.assetcatalog; path = Assets.xcassets; sourceTree = "<group>"; };
		FBB20C261E8B7B49004DD855 /* Base */ = {isa = PBXFileReference; lastKnownFileType = file.storyboard; name = Base; path = Base.lproj/Main.storyboard; sourceTree = "<group>"; };
		FBB20C281E8B7B49004DD855 /* Info.plist */ = {isa = PBXFileReference; lastKnownFileType = text.plist.xml; path = Info.plist; sourceTree = "<group>"; };
		FBDE56F11E8E52FB00EF570A /* Panel.swift */ = {isa = PBXFileReference; fileEncoding = 4; lastKnownFileType = sourcecode.swift; path = Panel.swift; sourceTree = "<group>"; };
		FBDE57811E968E8700EF570A /* URIFixup.swift */ = {isa = PBXFileReference; fileEncoding = 4; lastKnownFileType = sourcecode.swift; path = URIFixup.swift; sourceTree = "<group>"; };
/* End PBXFileReference section */

/* Begin PBXFrameworksBuildPhase section */
		FBB20C191E8B7B49004DD855 /* Frameworks */ = {
			isa = PBXFrameworksBuildPhase;
			buildActionMask = 2147483647;
			files = (
				F0D9CA41B0D4B3DA69A85DAA /* Pods_JonnySearch.framework in Frameworks */,
			);
			runOnlyForDeploymentPostprocessing = 0;
		};
/* End PBXFrameworksBuildPhase section */

/* Begin PBXGroup section */
		2FE2DE9D191617F205DBABED /* Frameworks */ = {
			isa = PBXGroup;
			children = (
				31ECDB4159DCA38FEABCD7FB /* Pods_JonnySearch.framework */,
			);
			name = Frameworks;
			sourceTree = "<group>";
		};
		425D578F41A8E10FA0BF4C2F /* Pods */ = {
			isa = PBXGroup;
			children = (
				DCE96A58A9DD569603345F69 /* Pods-JonnySearch.debug.xcconfig */,
				975B0EDA0ED8272148769B80 /* Pods-JonnySearch.release.xcconfig */,
			);
			name = Pods;
			sourceTree = "<group>";
		};
		FBB20C131E8B7B49004DD855 = {
			isa = PBXGroup;
			children = (
				FBB20C1E1E8B7B49004DD855 /* JonnySearch */,
				FBB20C1D1E8B7B49004DD855 /* Products */,
				425D578F41A8E10FA0BF4C2F /* Pods */,
				FB894CD21FEFE24900EC9F9A /* Podfile */,
				2FE2DE9D191617F205DBABED /* Frameworks */,
			);
			sourceTree = "<group>";
		};
		FBB20C1D1E8B7B49004DD855 /* Products */ = {
			isa = PBXGroup;
			children = (
				FBB20C1C1E8B7B49004DD855 /* JonnySearch.app */,
			);
			name = Products;
			sourceTree = "<group>";
		};
		FBB20C1E1E8B7B49004DD855 /* JonnySearch */ = {
			isa = PBXGroup;
			children = (
				FBB20C1F1E8B7B49004DD855 /* AppDelegate.swift */,
				FBB20C211E8B7B49004DD855 /* ViewController.swift */,
				FBDE56F11E8E52FB00EF570A /* Panel.swift */,
				FB894CD01FEFDE1700EC9F9A /* Events.swift */,
				FBDE57811E968E8700EF570A /* URIFixup.swift */,
				FBB20C251E8B7B49004DD855 /* Main.storyboard */,
				FBB20C281E8B7B49004DD855 /* Info.plist */,
				FBB20C231E8B7B49004DD855 /* Assets.xcassets */,
				36E1AA9E1FF25BD200906F7A /* InitialWC.swift */,
			);
			path = JonnySearch;
			sourceTree = "<group>";
		};
/* End PBXGroup section */

/* Begin PBXNativeTarget section */
		FBB20C1B1E8B7B49004DD855 /* JonnySearch */ = {
			isa = PBXNativeTarget;
			buildConfigurationList = FBB20C2B1E8B7B49004DD855 /* Build configuration list for PBXNativeTarget "JonnySearch" */;
			buildPhases = (
				5E0D9469D4AF33DB13CC21D3 /* [CP] Check Pods Manifest.lock */,
				FBB20C181E8B7B49004DD855 /* Sources */,
				FBB20C191E8B7B49004DD855 /* Frameworks */,
				FBB20C1A1E8B7B49004DD855 /* Resources */,
				F4BCB5F6B16A5EA4316711CD /* [CP] Embed Pods Frameworks */,
				21562A70480A8549BA6558A0 /* [CP] Copy Pods Resources */,
			);
			buildRules = (
			);
			dependencies = (
			);
			name = JonnySearch;
			productName = MacSearch;
			productReference = FBB20C1C1E8B7B49004DD855 /* JonnySearch.app */;
			productType = "com.apple.product-type.application";
		};
/* End PBXNativeTarget section */

/* Begin PBXProject section */
		FBB20C141E8B7B49004DD855 /* Project object */ = {
			isa = PBXProject;
			attributes = {
				LastSwiftUpdateCheck = 0830;
				LastUpgradeCheck = 0900;
				ORGANIZATIONNAME = Jonny;
				TargetAttributes = {
					FBB20C1B1E8B7B49004DD855 = {
						CreatedOnToolsVersion = 8.3;
						DevelopmentTeam = KT9D66QFX9;
						LastSwiftMigration = 0920;
						ProvisioningStyle = Automatic;
						SystemCapabilities = {
							com.apple.Sandbox = {
								enabled = 0;
							};
						};
					};
				};
			};
			buildConfigurationList = FBB20C171E8B7B49004DD855 /* Build configuration list for PBXProject "JonnySearch" */;
			compatibilityVersion = "Xcode 3.2";
			developmentRegion = English;
			hasScannedForEncodings = 0;
			knownRegions = (
				en,
				Base,
			);
			mainGroup = FBB20C131E8B7B49004DD855;
			productRefGroup = FBB20C1D1E8B7B49004DD855 /* Products */;
			projectDirPath = "";
			projectRoot = "";
			targets = (
				FBB20C1B1E8B7B49004DD855 /* JonnySearch */,
			);
		};
/* End PBXProject section */

/* Begin PBXResourcesBuildPhase section */
		FBB20C1A1E8B7B49004DD855 /* Resources */ = {
			isa = PBXResourcesBuildPhase;
			buildActionMask = 2147483647;
			files = (
				FB894CD41FEFE24900EC9F9A /* Podfile in Resources */,
				FBB20C241E8B7B49004DD855 /* Assets.xcassets in Resources */,
				FBB20C271E8B7B49004DD855 /* Main.storyboard in Resources */,
			);
			runOnlyForDeploymentPostprocessing = 0;
		};
/* End PBXResourcesBuildPhase section */

/* Begin PBXShellScriptBuildPhase section */
		21562A70480A8549BA6558A0 /* [CP] Copy Pods Resources */ = {
			isa = PBXShellScriptBuildPhase;
			buildActionMask = 2147483647;
			files = (
			);
			inputPaths = (
			);
			name = "[CP] Copy Pods Resources";
			outputPaths = (
			);
			runOnlyForDeploymentPostprocessing = 0;
			shellPath = /bin/sh;
			shellScript = "\"${SRCROOT}/Pods/Target Support Files/Pods-JonnySearch/Pods-JonnySearch-resources.sh\"\n";
			showEnvVarsInLog = 0;
		};
		5E0D9469D4AF33DB13CC21D3 /* [CP] Check Pods Manifest.lock */ = {
			isa = PBXShellScriptBuildPhase;
			buildActionMask = 2147483647;
			files = (
			);
			inputPaths = (
				"${PODS_PODFILE_DIR_PATH}/Podfile.lock",
				"${PODS_ROOT}/Manifest.lock",
			);
			name = "[CP] Check Pods Manifest.lock";
			outputPaths = (
				"$(DERIVED_FILE_DIR)/Pods-JonnySearch-checkManifestLockResult.txt",
			);
			runOnlyForDeploymentPostprocessing = 0;
			shellPath = /bin/sh;
			shellScript = "diff \"${PODS_PODFILE_DIR_PATH}/Podfile.lock\" \"${PODS_ROOT}/Manifest.lock\" > /dev/null\nif [ $? != 0 ] ; then\n    # print error to STDERR\n    echo \"error: The sandbox is not in sync with the Podfile.lock. Run 'pod install' or update your CocoaPods installation.\" >&2\n    exit 1\nfi\n# This output is used by Xcode 'outputs' to avoid re-running this script phase.\necho \"SUCCESS\" > \"${SCRIPT_OUTPUT_FILE_0}\"\n";
			showEnvVarsInLog = 0;
		};
		F4BCB5F6B16A5EA4316711CD /* [CP] Embed Pods Frameworks */ = {
			isa = PBXShellScriptBuildPhase;
			buildActionMask = 2147483647;
			files = (
			);
			inputPaths = (
				"${SRCROOT}/Pods/Target Support Files/Pods-JonnySearch/Pods-JonnySearch-frameworks.sh",
				"${BUILT_PRODUCTS_DIR}/MASShortcut/MASShortcut.framework",
			);
			name = "[CP] Embed Pods Frameworks";
			outputPaths = (
				"${TARGET_BUILD_DIR}/${FRAMEWORKS_FOLDER_PATH}/MASShortcut.framework",
			);
			runOnlyForDeploymentPostprocessing = 0;
			shellPath = /bin/sh;
			shellScript = "\"${SRCROOT}/Pods/Target Support Files/Pods-JonnySearch/Pods-JonnySearch-frameworks.sh\"\n";
			showEnvVarsInLog = 0;
		};
/* End PBXShellScriptBuildPhase section */

/* Begin PBXSourcesBuildPhase section */
		FBB20C181E8B7B49004DD855 /* Sources */ = {
			isa = PBXSourcesBuildPhase;
			buildActionMask = 2147483647;
			files = (
				FBDE57831E968E8700EF570A /* URIFixup.swift in Sources */,
				FBB20C221E8B7B49004DD855 /* ViewController.swift in Sources */,
				FBB20C201E8B7B49004DD855 /* AppDelegate.swift in Sources */,
				FBDE56F21E8E52FB00EF570A /* Panel.swift in Sources */,
				36E1AAA01FF25BD200906F7A /* InitialWC.swift in Sources */,
				FB894CD11FEFDE1700EC9F9A /* Events.swift in Sources */,
			);
			runOnlyForDeploymentPostprocessing = 0;
		};
/* End PBXSourcesBuildPhase section */

/* Begin PBXVariantGroup section */
		FBB20C251E8B7B49004DD855 /* Main.storyboard */ = {
			isa = PBXVariantGroup;
			children = (
				FBB20C261E8B7B49004DD855 /* Base */,
			);
			name = Main.storyboard;
			sourceTree = "<group>";
		};
/* End PBXVariantGroup section */

/* Begin XCBuildConfiguration section */
		FBB20C291E8B7B49004DD855 /* Debug */ = {
			isa = XCBuildConfiguration;
			buildSettings = {
				ALWAYS_SEARCH_USER_PATHS = NO;
				CLANG_ANALYZER_NONNULL = YES;
				CLANG_ANALYZER_NUMBER_OBJECT_CONVERSION = YES_AGGRESSIVE;
				CLANG_CXX_LANGUAGE_STANDARD = "gnu++0x";
				CLANG_CXX_LIBRARY = "libc++";
				CLANG_ENABLE_MODULES = YES;
				CLANG_ENABLE_OBJC_ARC = YES;
				CLANG_WARN_BLOCK_CAPTURE_AUTORELEASING = YES;
				CLANG_WARN_BOOL_CONVERSION = YES;
				CLANG_WARN_COMMA = YES;
				CLANG_WARN_CONSTANT_CONVERSION = YES;
				CLANG_WARN_DIRECT_OBJC_ISA_USAGE = YES_ERROR;
				CLANG_WARN_DOCUMENTATION_COMMENTS = YES;
				CLANG_WARN_EMPTY_BODY = YES;
				CLANG_WARN_ENUM_CONVERSION = YES;
				CLANG_WARN_INFINITE_RECURSION = YES;
				CLANG_WARN_INT_CONVERSION = YES;
				CLANG_WARN_NON_LITERAL_NULL_CONVERSION = YES;
				CLANG_WARN_OBJC_LITERAL_CONVERSION = YES;
				CLANG_WARN_OBJC_ROOT_CLASS = YES_ERROR;
				CLANG_WARN_RANGE_LOOP_ANALYSIS = YES;
				CLANG_WARN_STRICT_PROTOTYPES = YES;
				CLANG_WARN_SUSPICIOUS_MOVE = YES;
				CLANG_WARN_UNREACHABLE_CODE = YES;
				CLANG_WARN__DUPLICATE_METHOD_MATCH = YES;
				CODE_SIGN_IDENTITY = "-";
				COPY_PHASE_STRIP = NO;
				DEBUG_INFORMATION_FORMAT = dwarf;
				ENABLE_STRICT_OBJC_MSGSEND = YES;
				ENABLE_TESTABILITY = YES;
				GCC_C_LANGUAGE_STANDARD = gnu99;
				GCC_DYNAMIC_NO_PIC = NO;
				GCC_NO_COMMON_BLOCKS = YES;
				GCC_OPTIMIZATION_LEVEL = 0;
				GCC_PREPROCESSOR_DEFINITIONS = (
					"DEBUG=1",
					"$(inherited)",
				);
				GCC_WARN_64_TO_32_BIT_CONVERSION = YES;
				GCC_WARN_ABOUT_RETURN_TYPE = YES_ERROR;
				GCC_WARN_UNDECLARED_SELECTOR = YES;
				GCC_WARN_UNINITIALIZED_AUTOS = YES_AGGRESSIVE;
				GCC_WARN_UNUSED_FUNCTION = YES;
				GCC_WARN_UNUSED_VARIABLE = YES;
				MACOSX_DEPLOYMENT_TARGET = 10.10;
				MTL_ENABLE_DEBUG_INFO = YES;
				ONLY_ACTIVE_ARCH = YES;
				SDKROOT = macosx;
				SWIFT_ACTIVE_COMPILATION_CONDITIONS = DEBUG;
				SWIFT_OPTIMIZATION_LEVEL = "-Onone";
			};
			name = Debug;
		};
		FBB20C2A1E8B7B49004DD855 /* Release */ = {
			isa = XCBuildConfiguration;
			buildSettings = {
				ALWAYS_SEARCH_USER_PATHS = NO;
				CLANG_ANALYZER_NONNULL = YES;
				CLANG_ANALYZER_NUMBER_OBJECT_CONVERSION = YES_AGGRESSIVE;
				CLANG_CXX_LANGUAGE_STANDARD = "gnu++0x";
				CLANG_CXX_LIBRARY = "libc++";
				CLANG_ENABLE_MODULES = YES;
				CLANG_ENABLE_OBJC_ARC = YES;
				CLANG_WARN_BLOCK_CAPTURE_AUTORELEASING = YES;
				CLANG_WARN_BOOL_CONVERSION = YES;
				CLANG_WARN_COMMA = YES;
				CLANG_WARN_CONSTANT_CONVERSION = YES;
				CLANG_WARN_DIRECT_OBJC_ISA_USAGE = YES_ERROR;
				CLANG_WARN_DOCUMENTATION_COMMENTS = YES;
				CLANG_WARN_EMPTY_BODY = YES;
				CLANG_WARN_ENUM_CONVERSION = YES;
				CLANG_WARN_INFINITE_RECURSION = YES;
				CLANG_WARN_INT_CONVERSION = YES;
				CLANG_WARN_NON_LITERAL_NULL_CONVERSION = YES;
				CLANG_WARN_OBJC_LITERAL_CONVERSION = YES;
				CLANG_WARN_OBJC_ROOT_CLASS = YES_ERROR;
				CLANG_WARN_RANGE_LOOP_ANALYSIS = YES;
				CLANG_WARN_STRICT_PROTOTYPES = YES;
				CLANG_WARN_SUSPICIOUS_MOVE = YES;
				CLANG_WARN_UNREACHABLE_CODE = YES;
				CLANG_WARN__DUPLICATE_METHOD_MATCH = YES;
				CODE_SIGN_IDENTITY = "-";
				COPY_PHASE_STRIP = NO;
				DEBUG_INFORMATION_FORMAT = "dwarf-with-dsym";
				ENABLE_NS_ASSERTIONS = NO;
				ENABLE_STRICT_OBJC_MSGSEND = YES;
				GCC_C_LANGUAGE_STANDARD = gnu99;
				GCC_NO_COMMON_BLOCKS = YES;
				GCC_WARN_64_TO_32_BIT_CONVERSION = YES;
				GCC_WARN_ABOUT_RETURN_TYPE = YES_ERROR;
				GCC_WARN_UNDECLARED_SELECTOR = YES;
				GCC_WARN_UNINITIALIZED_AUTOS = YES_AGGRESSIVE;
				GCC_WARN_UNUSED_FUNCTION = YES;
				GCC_WARN_UNUSED_VARIABLE = YES;
				MACOSX_DEPLOYMENT_TARGET = 10.10;
				MTL_ENABLE_DEBUG_INFO = NO;
				SDKROOT = macosx;
				SWIFT_OPTIMIZATION_LEVEL = "-Owholemodule";
			};
			name = Release;
		};
		FBB20C2C1E8B7B49004DD855 /* Debug */ = {
			isa = XCBuildConfiguration;
			baseConfigurationReference = DCE96A58A9DD569603345F69 /* Pods-JonnySearch.debug.xcconfig */;
			buildSettings = {
				ASSETCATALOG_COMPILER_APPICON_NAME = AppIcon;
				CODE_SIGN_IDENTITY = "Mac Developer";
				COMBINE_HIDPI_IMAGES = YES;
				DEVELOPMENT_TEAM = KT9D66QFX9;
				INFOPLIST_FILE = JonnySearch/Info.plist;
				LD_RUNPATH_SEARCH_PATHS = "$(inherited) @executable_path/../Frameworks";
				MACOSX_DEPLOYMENT_TARGET = 10.10;
				PRODUCT_BUNDLE_IDENTIFIER = com.askari.search;
				PRODUCT_NAME = "$(TARGET_NAME)";
				PROVISIONING_PROFILE_SPECIFIER = "";
				SWIFT_SWIFT3_OBJC_INFERENCE = Default;
				SWIFT_VERSION = 4.0;
			};
			name = Debug;
		};
		FBB20C2D1E8B7B49004DD855 /* Release */ = {
			isa = XCBuildConfiguration;
			baseConfigurationReference = 975B0EDA0ED8272148769B80 /* Pods-JonnySearch.release.xcconfig */;
			buildSettings = {
				ASSETCATALOG_COMPILER_APPICON_NAME = AppIcon;
				CODE_SIGN_IDENTITY = "Mac Developer";
				COMBINE_HIDPI_IMAGES = YES;
				DEVELOPMENT_TEAM = KT9D66QFX9;
				INFOPLIST_FILE = JonnySearch/Info.plist;
				LD_RUNPATH_SEARCH_PATHS = "$(inherited) @executable_path/../Frameworks";
				MACOSX_DEPLOYMENT_TARGET = 10.10;
				PRODUCT_BUNDLE_IDENTIFIER = com.askari.search;
				PRODUCT_NAME = "$(TARGET_NAME)";
				PROVISIONING_PROFILE_SPECIFIER = "";
				SWIFT_SWIFT3_OBJC_INFERENCE = Default;
				SWIFT_VERSION = 4.0;
			};
			name = Release;
		};
/* End XCBuildConfiguration section */

/* Begin XCConfigurationList section */
		FBB20C171E8B7B49004DD855 /* Build configuration list for PBXProject "JonnySearch" */ = {
			isa = XCConfigurationList;
			buildConfigurations = (
				FBB20C291E8B7B49004DD855 /* Debug */,
				FBB20C2A1E8B7B49004DD855 /* Release */,
			);
			defaultConfigurationIsVisible = 0;
			defaultConfigurationName = Release;
		};
		FBB20C2B1E8B7B49004DD855 /* Build configuration list for PBXNativeTarget "JonnySearch" */ = {
			isa = XCConfigurationList;
			buildConfigurations = (
				FBB20C2C1E8B7B49004DD855 /* Debug */,
				FBB20C2D1E8B7B49004DD855 /* Release */,
			);
			defaultConfigurationIsVisible = 0;
			defaultConfigurationName = Release;
		};
/* End XCConfigurationList section */
	};
	rootObject = FBB20C141E8B7B49004DD855 /* Project object */;
}
